
Microsoft Visual Studio Solution File, Format Version 12.00
# Visual Studio Version 17
VisualStudioVersion = 17.6.33723.286
MinimumVisualStudioVersion = 10.0.40219.1
Project("{FAE04EC0-301F-11D3-BF4B-00C04F79EFBC}") = "Exercises", "Exercises\Exercises.csproj", "{14434095-5F9D-4795-9A8A-0134C940A51B}"
EndProject
Project("{2150E333-8FDC-42A3-9474-1A3956D46DE8}") = "Source", "Source", "{A0F321B3-E136-4DBA-B9E2-C53111DEC1CA}"
	ProjectSection(SolutionItems) = preProject
		EX1.md = EX1.md
		EX2.md = EX2.md
		EX3.md = EX3.md
		EX4.md = EX4.md
		EX5.md = EX5.md
		EX6.md = EX6.md
	EndProjectSection
EndProject
Project("{9A19103F-16F7-4668-BE54-9A1E7A4F7556}") = "Tests", "Tests\Tests.csproj", "{C7D96F78-3984-4FBE-96AB-53CE95E5ED6E}"
EndProject
Project("{2150E333-8FDC-42A3-9474-1A3956D46DE8}") = "PDFS", "PDFS", "{65AEA671-498E-480B-8E50-7164E538A6C7}"
	ProjectSection(SolutionItems) = preProject
		PDFS\Whiteboard[10].pdf = PDFS\Whiteboard[10].pdf
		PDFS\Whiteboard[11].pdf = PDFS\Whiteboard[11].pdf
		PDFS\Whiteboard[12].pdf = PDFS\Whiteboard[12].pdf
		PDFS\Whiteboard[1].pdf = PDFS\Whiteboard[1].pdf
		PDFS\Whiteboard[2].pdf = PDFS\Whiteboard[2].pdf
		PDFS\Whiteboard[3].pdf = PDFS\Whiteboard[3].pdf
		PDFS\Whiteboard[4].pdf = PDFS\Whiteboard[4].pdf
		PDFS\Whiteboard[5].pdf = PDFS\Whiteboard[5].pdf
		PDFS\Whiteboard[6].pdf = PDFS\Whiteboard[6].pdf
		PDFS\Whiteboard[7].pdf = PDFS\Whiteboard[7].pdf
		PDFS\Whiteboard[8].pdf = PDFS\Whiteboard[8].pdf
		PDFS\Whiteboard[9].pdf = PDFS\Whiteboard[9].pdf
	EndProjectSection
EndProject
Global
	GlobalSection(SolutionConfigurationPlatforms) = preSolution
		Debug|Any CPU = Debug|Any CPU
		Release|Any CPU = Release|Any CPU
	EndGlobalSection
	GlobalSection(ProjectConfigurationPlatforms) = postSolution
		{14434095-5F9D-4795-9A8A-0134C940A51B}.Debug|Any CPU.ActiveCfg = Debug|Any CPU
		{14434095-5F9D-4795-9A8A-0134C940A51B}.Debug|Any CPU.Build.0 = Debug|Any CPU
		{14434095-5F9D-4795-9A8A-0134C940A51B}.Release|Any CPU.ActiveCfg = Release|Any CPU
		{14434095-5F9D-4795-9A8A-0134C940A51B}.Release|Any CPU.Build.0 = Release|Any CPU
		{C7D96F78-3984-4FBE-96AB-53CE95E5ED6E}.Debug|Any CPU.ActiveCfg = Debug|Any CPU
		{C7D96F78-3984-4FBE-96AB-53CE95E5ED6E}.Debug|Any CPU.Build.0 = Debug|Any CPU
		{C7D96F78-3984-4FBE-96AB-53CE95E5ED6E}.Release|Any CPU.ActiveCfg = Release|Any CPU
		{C7D96F78-3984-4FBE-96AB-53CE95E5ED6E}.Release|Any CPU.Build.0 = Release|Any CPU
	EndGlobalSection
	GlobalSection(SolutionProperties) = preSolution
		HideSolutionNode = FALSE
	EndGlobalSection
	GlobalSection(ExtensibilityGlobals) = postSolution
		SolutionGuid = {DED35A06-CDA7-4A30-BAFB-5719A3BBDCBE}
	EndGlobalSection
EndGlobal
